[[package]]
name = "attrs"
version = "22.1.0"
description = "Classes Without Boilerplate"
category = "main"
optional = false
python-versions = ">=3.5"

[package.extras]
dev = ["cloudpickle", "coverage[toml] (>=5.0.2)", "furo", "hypothesis", "mypy (>=0.900,!=0.940)", "pre-commit", "pympler", "pytest (>=4.3.0)", "pytest-mypy-plugins", "sphinx", "sphinx-notfound-page", "zope.interface"]
docs = ["furo", "sphinx", "sphinx-notfound-page", "zope.interface"]
tests = ["cloudpickle", "coverage[toml] (>=5.0.2)", "hypothesis", "mypy (>=0.900,!=0.940)", "pympler", "pytest (>=4.3.0)", "pytest-mypy-plugins", "zope.interface"]
tests-no-zope = ["cloudpickle", "coverage[toml] (>=5.0.2)", "hypothesis", "mypy (>=0.900,!=0.940)", "pympler", "pytest (>=4.3.0)", "pytest-mypy-plugins"]

[[package]]
name = "colorama"
version = "0.4.6"
description = "Cross-platform colored terminal text."
category = "main"
optional = false
python-versions = "!=3.0.*,!=3.1.*,!=3.2.*,!=3.3.*,!=3.4.*,!=3.5.*,!=3.6.*,>=2.7"

[[package]]
name = "exceptiongroup"
version = "1.0.4"
description = "Backport of PEP 654 (exception groups)"
category = "main"
optional = false
python-versions = ">=3.7"

[package.extras]
test = ["pytest (>=6)"]

[[package]]
name = "iniconfig"
version = "1.1.1"
description = "iniconfig: brain-dead simple config-ini parsing"
category = "main"
optional = false
python-versions = "*"

[[package]]
name = "packaging"
version = "21.3"
description = "Core utilities for Python packages"
category = "main"
optional = false
python-versions = ">=3.6"

[package.dependencies]
pyparsing = ">=2.0.2,<3.0.5 || >3.0.5"

[[package]]
name = "pluggy"
version = "1.0.0"
description = "plugin and hook calling mechanisms for python"
category = "main"
optional = false
python-versions = ">=3.6"

[package.extras]
dev = ["pre-commit", "tox"]
testing = ["pytest", "pytest-benchmark"]

[[package]]
name = "pycryptodomex"
version = "3.10.1"
description = "Cryptographic library for Python"
category = "main"
optional = false
python-versions = ">=2.7, !=3.0.*, !=3.1.*, !=3.2.*, !=3.3.*, !=3.4.*"

[[package]]
name = "pyparsing"
version = "3.0.9"
description = "pyparsing module - Classes and methods to define and execute parsing grammars"
category = "main"
optional = false
python-versions = ">=3.6.8"

[package.extras]
diagrams = ["jinja2", "railroad-diagrams"]

[[package]]
name = "pytest"
version = "7.2.0"
description = "pytest: simple powerful testing with Python"
category = "main"
optional = false
python-versions = ">=3.7"

[package.dependencies]
attrs = ">=19.2.0"
colorama = {version = "*", markers = "sys_platform == \"win32\""}
exceptiongroup = {version = ">=1.0.0rc8", markers = "python_version < \"3.11\""}
iniconfig = "*"
packaging = "*"
pluggy = ">=0.12,<2.0"
tomli = {version = ">=1.0.0", markers = "python_version < \"3.11\""}

[package.extras]
testing = ["argcomplete", "hypothesis (>=3.56)", "mock", "nose", "pygments (>=2.7.2)", "requests", "xmlschema"]

[[package]]
name = "tomli"
version = "2.0.1"
description = "A lil' TOML parser"
category = "main"
optional = false
python-versions = ">=3.7"

[metadata]
lock-version = "1.1"
python-versions = "^3.8"
content-hash = "64b9df6d2f436956dcc616e11890037dade72134d53e911c38e3bf416c411790"

[metadata.files]
attrs = [
    {file = "attrs-22.1.0-py2.py3-none-any.whl", hash = "sha256:86efa402f67bf2df34f51a335487cf46b1ec130d02b8d39fd248abfd30da551c"},
    {file = "attrs-22.1.0.tar.gz", hash = "sha256:29adc2665447e5191d0e7c568fde78b21f9672d344281d0c6e1ab085429b22b6"},
]
colorama = [
    {file = "colorama-0.4.6-py2.py3-none-any.whl", hash = "sha256:4f1d9991f5acc0ca119f9d443620b77f9d6b33703e51011c16baf57afb285fc6"},
    {file = "colorama-0.4.6.tar.gz", hash = "sha256:08695f5cb7ed6e0531a20572697297273c47b8cae5a63ffc6d6ed5c201be6e44"},
]
exceptiongroup = [
    {file = "exceptiongroup-1.0.4-py3-none-any.whl", hash = "sha256:542adf9dea4055530d6e1279602fa5cb11dab2395fa650b8674eaec35fc4a828"},
    {file = "exceptiongroup-1.0.4.tar.gz", hash = "sha256:bd14967b79cd9bdb54d97323216f8fdf533e278df937aa2a90089e7d6e06e5ec"},
]
iniconfig = [
    {file = "iniconfig-1.1.1-py2.py3-none-any.whl", hash = "sha256:011e24c64b7f47f6ebd835bb12a743f2fbe9a26d4cecaa7f53bc4f35ee9da8b3"},
    {file = "iniconfig-1.1.1.tar.gz", hash = "sha256:bc3af051d7d14b2ee5ef9969666def0cd1a000e121eaea580d4a313df4b37f32"},
]
packaging = [
    {file = "packaging-21.3-py3-none-any.whl", hash = "sha256:ef103e05f519cdc783ae24ea4e2e0f508a9c99b2d4969652eed6a2e1ea5bd522"},
    {file = "packaging-21.3.tar.gz", hash = "sha256:dd47c42927d89ab911e606518907cc2d3a1f38bbd026385970643f9c5b8ecfeb"},
]
pluggy = [
    {file = "pluggy-1.0.0-py2.py3-none-any.whl", hash = "sha256:74134bbf457f031a36d68416e1509f34bd5ccc019f0bcc952c7b909d06b37bd3"},
    {file = "pluggy-1.0.0.tar.gz", hash = "sha256:4224373bacce55f955a878bf9cfa763c1e360858e330072059e10bad68531159"},
]
pycryptodomex = [
    {file = "pycryptodomex-3.10.1-cp27-cp27m-macosx_10_9_x86_64.whl", hash = "sha256:4344ab16faf6c2d9df2b6772995623698fb2d5f114dace4ab2ff335550cf71d5"},
    {file = "pycryptodomex-3.10.1-cp27-cp27m-manylinux1_i686.whl", hash = "sha256:f933ecf4cb736c7af60a6a533db2bf569717f2318b265f92907acff1db43bc34"},
    {file = "pycryptodomex-3.10.1-cp27-cp27m-manylinux1_x86_64.whl", hash = "sha256:0bd35af6a18b724c689e56f2dbbdd8e409288be71952d271ba3d9614b31d188c"},
    {file = "pycryptodomex-3.10.1-cp27-cp27m-manylinux2010_i686.whl", hash = "sha256:ec9901d19cadb80d9235ee41cc58983f18660314a0eb3fc7b11b0522ac3b6c4a"},
    {file = "pycryptodomex-3.10.1-cp27-cp27m-manylinux2010_x86_64.whl", hash = "sha256:c2b680987f418858e89dbb4f09c8c919ece62811780a27051ace72b2f69fb1be"},
    {file = "pycryptodomex-3.10.1-cp27-cp27m-manylinux2014_aarch64.whl", hash = "sha256:a6584ae58001d17bb4dc0faa8a426919c2c028ef4d90ceb4191802ca6edb8204"},
    {file = "pycryptodomex-3.10.1-cp27-cp27m-win32.whl", hash = "sha256:4195604f75cdc1db9bccdb9e44d783add3c817319c30aaff011670c9ed167690"},
    {file = "pycryptodomex-3.10.1-cp27-cp27m-win_amd64.whl", hash = "sha256:9f713ffb4e27b5575bd917c70bbc3f7b348241a351015dbbc514c01b7061ff7e"},
    {file = "pycryptodomex-3.10.1-cp27-cp27mu-manylinux1_i686.whl", hash = "sha256:418f51c61eab52d9920f4ef468d22c89dab1be5ac796f71cf3802f6a6e667df0"},
    {file = "pycryptodomex-3.10.1-cp27-cp27mu-manylinux1_x86_64.whl", hash = "sha256:8a98e02cbf8f624add45deff444539bf26345b479fc04fa0937b23cd84078d91"},
    {file = "pycryptodomex-3.10.1-cp27-cp27mu-manylinux2010_i686.whl", hash = "sha256:dbd2c361db939a4252589baa94da4404d45e3fc70da1a31e541644cdf354336e"},
    {file = "pycryptodomex-3.10.1-cp27-cp27mu-manylinux2010_x86_64.whl", hash = "sha256:564063e3782474c92cbb333effd06e6eb718471783c6e67f28c63f0fc3ac7b23"},
    {file = "pycryptodomex-3.10.1-cp27-cp27mu-manylinux2014_aarch64.whl", hash = "sha256:e4a1245e7b846e88ba63e7543483bda61b9acbaee61eadbead5a1ce479d94740"},
    {file = "pycryptodomex-3.10.1-cp35-abi3-macosx_10_9_x86_64.whl", hash = "sha256:3b8eb85b3cc7f083d87978c264d10ff9de3b4bfc46f1c6fdc2792e7d7ebc87bb"},
    {file = "pycryptodomex-3.10.1-cp35-abi3-manylinux1_i686.whl", hash = "sha256:f3bb267df679f70a9f40f17d62d22fe12e8b75e490f41807e7560de4d3e6bf9f"},
    {file = "pycryptodomex-3.10.1-cp35-abi3-manylinux1_x86_64.whl", hash = "sha256:04265a7a84ae002001249bd1de2823bcf46832bd4b58f6965567cb8a07cf4f00"},
    {file = "pycryptodomex-3.10.1-cp35-abi3-manylinux2010_i686.whl", hash = "sha256:72f44b5be46faef2a1bf2a85902511b31f4dd7b01ce0c3978e92edb2cc812a82"},
    {file = "pycryptodomex-3.10.1-cp35-abi3-manylinux2010_x86_64.whl", hash = "sha256:e090a8609e2095aa86978559b140cf8968af99ee54b8791b29ff804838f29f10"},
    {file = "pycryptodomex-3.10.1-cp35-abi3-manylinux2014_aarch64.whl", hash = "sha256:20c45a30f3389148f94edb77f3b216c677a277942f62a2b81a1cc0b6b2dde7fc"},
    {file = "pycryptodomex-3.10.1-cp35-abi3-win32.whl", hash = "sha256:fc9c55dc1ed57db76595f2d19a479fc1c3a1be2c9da8de798a93d286c5f65f38"},
    {file = "pycryptodomex-3.10.1-cp35-abi3-win_amd64.whl", hash = "sha256:3dfce70c4e425607ae87b8eae67c9c7dbba59a33b62d70f79417aef0bc5c735b"},
    {file = "pycryptodomex-3.10.1-pp27-pypy_73-macosx_10_9_x86_64.whl", hash = "sha256:940db96449d7b2ebb2c7bf190be1514f3d67914bd37e54e8d30a182bd375a1a9"},
    {file = "pycryptodomex-3.10.1-pp27-pypy_73-manylinux1_x86_64.whl", hash = "sha256:d8fae5ba3d34c868ae43614e0bd6fb61114b2687ac3255798791ce075d95aece"},
    {file = "pycryptodomex-3.10.1-pp27-pypy_73-manylinux2010_x86_64.whl", hash = "sha256:f2abeb4c4ce7584912f4d637b2c57f23720d35dd2892bfeb1b2c84b6fb7a8c88"},
    {file = "pycryptodomex-3.10.1-pp27-pypy_73-win32.whl", hash = "sha256:36dab7f506948056ceba2d57c1ade74e898401960de697cefc02f3519bd26c1b"},
    {file = "pycryptodomex-3.10.1-pp36-pypy36_pp73-macosx_10_9_x86_64.whl", hash = "sha256:37ec1b407ec032c7a0c1fdd2da12813f560bad38ae61ad9c7ce3c0573b3e5e30"},
    {file = "pycryptodomex-3.10.1-pp36-pypy36_pp73-manylinux1_x86_64.whl", hash = "sha256:00a584ee52bf5e27d540129ca9bf7c4a7e7447f24ff4a220faa1304ad0c09bcd"},
    {file = "pycryptodomex-3.10.1-pp36-pypy36_pp73-manylinux2010_x86_64.whl", hash = "sha256:961333e7ee896651f02d4692242aa36b787b8e8e0baa2256717b2b9d55ae0a3c"},
    {file = "pycryptodomex-3.10.1-pp36-pypy36_pp73-win32.whl", hash = "sha256:2959304d1ce31ab303d9fb5db2b294814278b35154d9b30bf7facc52d6088d0a"},
    {file = "pycryptodomex-3.10.1.tar.gz", hash = "sha256:541cd3e3e252fb19a7b48f420b798b53483302b7fe4d9954c947605d0a263d62"},
]
pyparsing = [
    {file = "pyparsing-3.0.9-py3-none-any.whl", hash = "sha256:5026bae9a10eeaefb61dab2f09052b9f4307d44aee4eda64b309723d8d206bbc"},
    {file = "pyparsing-3.0.9.tar.gz", hash = "sha256:2b020ecf7d21b687f219b71ecad3631f644a47f01403fa1d1036b0c6416d70fb"},
]
pytest = [
    {file = "pytest-7.2.0-py3-none-any.whl", hash = "sha256:892f933d339f068883b6fd5a459f03d85bfcb355e4981e146d2c7616c21fef71"},
    {file = "pytest-7.2.0.tar.gz", hash = "sha256:c4014eb40e10f11f355ad4e3c2fb2c6c6d1919c73f3b5a433de4708202cade59"},
]
tomli = [
    {file = "tomli-2.0.1-py3-none-any.whl", hash = "sha256:939de3e7a6161af0c887ef91b7d41a53e7c5a1ca976325f429cb46ea9bc30ecc"},
    {file = "tomli-2.0.1.tar.gz", hash = "sha256:de526c12914f0c550d15924c62d72abc48d6fe7364aa87328337a31007fe8a4f"},
]
